
Microsoft Visual Studio Solution File, Format Version 12.00
# Visual Studio 15
VisualStudioVersion = 15.0.26730.12
MinimumVisualStudioVersion = 10.0.40219.1
Project("{FAE04EC0-301F-11D3-BF4B-00C04F79EFBC}") = "Arrays", "Arrays\Arrays.csproj", "{9C1FF895-66A5-45FE-AA5A-2F743230FDDB}"
EndProject
Project("{FAE04EC0-301F-11D3-BF4B-00C04F79EFBC}") = "1.OneDimensionsalArray", "1.OneDimensionsalArray\1.OneDimensionsalArray.csproj", "{040B6587-3564-48C5-BEF9-F646DB704A95}"
EndProject
Project("{FAE04EC0-301F-11D3-BF4B-00C04F79EFBC}") = "2.MultiDimensionalArray", "2.MultiDimensionalArray\2.MultiDimensionalArray.csproj", "{BD0FD28A-4699-43ED-A14B-93B765F26820}"
EndProject
Project("{FAE04EC0-301F-11D3-BF4B-00C04F79EFBC}") = "3.JaggedArray", "3.JaggedArray\3.JaggedArray.csproj", "{BB1B74FC-5610-463C-B188-D2231F01DA94}"
EndProject
Project("{FAE04EC0-301F-11D3-BF4B-00C04F79EFBC}") = "4.Comparator", "4.Comparator\4.Comparator.csproj", "{A962F5A5-87DC-4658-B7A4-35FD8678BE11}"
EndProject
Global
	GlobalSection(SolutionConfigurationPlatforms) = preSolution
		Debug|Any CPU = Debug|Any CPU
		Release|Any CPU = Release|Any CPU
	EndGlobalSection
	GlobalSection(ProjectConfigurationPlatforms) = postSolution
		{9C1FF895-66A5-45FE-AA5A-2F743230FDDB}.Debug|Any CPU.ActiveCfg = Debug|Any CPU
		{9C1FF895-66A5-45FE-AA5A-2F743230FDDB}.Debug|Any CPU.Build.0 = Debug|Any CPU
		{9C1FF895-66A5-45FE-AA5A-2F743230FDDB}.Release|Any CPU.ActiveCfg = Release|Any CPU
		{9C1FF895-66A5-45FE-AA5A-2F743230FDDB}.Release|Any CPU.Build.0 = Release|Any CPU
		{040B6587-3564-48C5-BEF9-F646DB704A95}.Debug|Any CPU.ActiveCfg = Debug|Any CPU
		{040B6587-3564-48C5-BEF9-F646DB704A95}.Debug|Any CPU.Build.0 = Debug|Any CPU
		{040B6587-3564-48C5-BEF9-F646DB704A95}.Release|Any CPU.ActiveCfg = Release|Any CPU
		{040B6587-3564-48C5-BEF9-F646DB704A95}.Release|Any CPU.Build.0 = Release|Any CPU
		{BD0FD28A-4699-43ED-A14B-93B765F26820}.Debug|Any CPU.ActiveCfg = Debug|Any CPU
		{BD0FD28A-4699-43ED-A14B-93B765F26820}.Debug|Any CPU.Build.0 = Debug|Any CPU
		{BD0FD28A-4699-43ED-A14B-93B765F26820}.Release|Any CPU.ActiveCfg = Release|Any CPU
		{BD0FD28A-4699-43ED-A14B-93B765F26820}.Release|Any CPU.Build.0 = Release|Any CPU
		{BB1B74FC-5610-463C-B188-D2231F01DA94}.Debug|Any CPU.ActiveCfg = Debug|Any CPU
		{BB1B74FC-5610-463C-B188-D2231F01DA94}.Debug|Any CPU.Build.0 = Debug|Any CPU
		{BB1B74FC-5610-463C-B188-D2231F01DA94}.Release|Any CPU.ActiveCfg = Release|Any CPU
		{BB1B74FC-5610-463C-B188-D2231F01DA94}.Release|Any CPU.Build.0 = Release|Any CPU
		{A962F5A5-87DC-4658-B7A4-35FD8678BE11}.Debug|Any CPU.ActiveCfg = Debug|Any CPU
		{A962F5A5-87DC-4658-B7A4-35FD8678BE11}.Debug|Any CPU.Build.0 = Debug|Any CPU
		{A962F5A5-87DC-4658-B7A4-35FD8678BE11}.Release|Any CPU.ActiveCfg = Release|Any CPU
		{A962F5A5-87DC-4658-B7A4-35FD8678BE11}.Release|Any CPU.Build.0 = Release|Any CPU
	EndGlobalSection
	GlobalSection(SolutionProperties) = preSolution
		HideSolutionNode = FALSE
	EndGlobalSection
	GlobalSection(ExtensibilityGlobals) = postSolution
		SolutionGuid = {2F20877B-1D8E-4793-9867-62143FB52699}
	EndGlobalSection
EndGlobal
